# THIS IS AN AUTOGENERATED FILE. DO NOT EDIT THIS FILE DIRECTLY.
# yarn lockfile v1


flow-bin@^0.125.1:
  version "0.125.1"
  resolved "https://registry.yarnpkg.com/flow-bin/-/flow-bin-0.125.1.tgz#7edbc71e7dc39ddef18086ef75c714bbf1c5917f"
  integrity sha512-jEury9NTXylxQEOAXLWEE945BjBwYcMwwKVnb+5XORNwMQE7i5hQYF0ysYfsaaYOa7rW/U16rHBfwLuaZfWV7A==

prettier@^2.0.5:
  version "2.0.5"
  resolved "https://registry.yarnpkg.com/prettier/-/prettier-2.0.5.tgz#d6d56282455243f2f92cc1716692c08aa31522d4"
  integrity sha512-7PtVymN48hGcO4fGjybyBSIWDsLU4H4XlvOHfq91pz9kkGlonzwTfYkaIEwiRg/dAJF9YlbsduBAgtYLi+8cFg==
