# THIS IS AN AUTOGENERATED FILE. DO NOT EDIT THIS FILE DIRECTLY.
# yarn lockfile v1


flow-bin@^0.125.1:
  version "0.125.1"
  resolved "https://registry.yarnpkg.com/flow-bin/-/flow-bin-0.125.1.tgz#7edbc71e7dc39ddef18086ef75c714bbf1c5917f"
  integrity sha512-jEury9NTXylxQEOAXLWEE945BjBwYcMwwKVnb+5XORNwMQE7i5hQYF0ysYfsaaYOa7rW/U16rHBfwLuaZfWV7A==

flow-parser@^0.125.1:
  version "0.125.1"
  resolved "https://registry.yarnpkg.com/flow-parser/-/flow-parser-0.125.1.tgz#8e6174c0ad8bce8c4e8dbe3c2cfe30235eb0d080"
  integrity sha512-vrnK98a85yyaPqcZTQmHlrzb4PAiF/WgkI8xZCmyn5sT6/bAKAFbUB+VQqfzTpnvq2VwZ5SThi/xuz3zMLTFRw==

flow-remove-types@^2.125.1:
  version "2.125.1"
  resolved "https://registry.yarnpkg.com/flow-remove-types/-/flow-remove-types-2.125.1.tgz#95fb4c09b142a810435a1dc1acd6871532f1c8b7"
  integrity sha512-HLSXvccqHf6KRqxqm4rqa81i4GQWl+8gYvdgESEOjzpHTlN77t09ehmrP+0a6td9ZzQXg22lUMoeDmTlOd5JeA==
  dependencies:
    flow-parser "^0.125.1"
    pirates "^3.0.2"
    vlq "^0.2.1"

node-modules-regexp@^1.0.0:
  version "1.0.0"
  resolved "https://registry.yarnpkg.com/node-modules-regexp/-/node-modules-regexp-1.0.0.tgz#8d9dbe28964a4ac5712e9131642107c71e90ec40"
  integrity sha1-jZ2+KJZKSsVxLpExZCEHxx6Q7EA=

pirates@^3.0.2:
  version "3.0.2"
  resolved "https://registry.yarnpkg.com/pirates/-/pirates-3.0.2.tgz#7e6f85413fd9161ab4e12b539b06010d85954bb9"
  integrity sha512-c5CgUJq6H2k6MJz72Ak1F5sN9n9wlSlJyEnwvpm9/y3WB4E3pHBDT2c6PEiS1vyJvq2bUxUAIu0EGf8Cx4Ic7Q==
  dependencies:
    node-modules-regexp "^1.0.0"

prettier@^2.0.5:
  version "2.0.5"
  resolved "https://registry.yarnpkg.com/prettier/-/prettier-2.0.5.tgz#d6d56282455243f2f92cc1716692c08aa31522d4"
  integrity sha512-7PtVymN48hGcO4fGjybyBSIWDsLU4H4XlvOHfq91pz9kkGlonzwTfYkaIEwiRg/dAJF9YlbsduBAgtYLi+8cFg==

"servor@git+https://git@github.com/taylorgoolsby/servor.git":
  version "4.0.2"
  resolved "git+https://git@github.com/taylorgoolsby/servor.git#ae91b1a0ba7ff8396e039c863c37798a800318fd"
  dependencies:
    flow-remove-types "^2.125.1"

vlq@^0.2.1:
  version "0.2.3"
  resolved "https://registry.yarnpkg.com/vlq/-/vlq-0.2.3.tgz#8f3e4328cf63b1540c0d67e1b2778386f8975b26"
  integrity sha512-DRibZL6DsNhIgYQ+wNdWDL2SL3bKPlVrRiBqV5yuMm++op8W4kGFtaQfCs4KEJn0wBZcHVHJ3eoywX8983k1ow==
